// !$*UTF8*$!
{
	archiveVersion = 1;
	classes = {
	};
	objectVersion = 56;
	objects = {

/* Begin PBXBuildFile section */
		ABC030CE2A1257080077C2B1 /* TouchDownApp.swift in Sources */ = {isa = PBXBuildFile; fileRef = ABC030CD2A1257080077C2B1 /* TouchDownApp.swift */; };
		ABC030D02A1257080077C2B1 /* ContentView.swift in Sources */ = {isa = PBXBuildFile; fileRef = ABC030CF2A1257080077C2B1 /* ContentView.swift */; };
		ABC030D22A1257080077C2B1 /* Assets.xcassets in Resources */ = {isa = PBXBuildFile; fileRef = ABC030D12A1257080077C2B1 /* Assets.xcassets */; };
		ABC030D52A1257080077C2B1 /* Preview Assets.xcassets in Resources */ = {isa = PBXBuildFile; fileRef = ABC030D42A1257080077C2B1 /* Preview Assets.xcassets */; };
		ABC030DF2A1258D30077C2B1 /* product.json in Resources */ = {isa = PBXBuildFile; fileRef = ABC030DB2A1258D30077C2B1 /* product.json */; };
		ABC030E02A1258D30077C2B1 /* category.json in Resources */ = {isa = PBXBuildFile; fileRef = ABC030DC2A1258D30077C2B1 /* category.json */; };
		ABC030E12A1258D30077C2B1 /* brand.json in Resources */ = {isa = PBXBuildFile; fileRef = ABC030DD2A1258D30077C2B1 /* brand.json */; };
		ABC030E22A1258D30077C2B1 /* player.json in Resources */ = {isa = PBXBuildFile; fileRef = ABC030DE2A1258D30077C2B1 /* player.json */; };
		ABC030ED2A125BEF0077C2B1 /* Constant.swift in Sources */ = {isa = PBXBuildFile; fileRef = ABC030EC2A125BEF0077C2B1 /* Constant.swift */; };
		ABC030EF2A125D4F0077C2B1 /* FooterView.swift in Sources */ = {isa = PBXBuildFile; fileRef = ABC030EE2A125D4F0077C2B1 /* FooterView.swift */; };
/* End PBXBuildFile section */

/* Begin PBXFileReference section */
		ABC030CA2A1257080077C2B1 /* TouchDown.app */ = {isa = PBXFileReference; explicitFileType = wrapper.application; includeInIndex = 0; path = TouchDown.app; sourceTree = BUILT_PRODUCTS_DIR; };
		ABC030CD2A1257080077C2B1 /* TouchDownApp.swift */ = {isa = PBXFileReference; lastKnownFileType = sourcecode.swift; path = TouchDownApp.swift; sourceTree = "<group>"; };
		ABC030CF2A1257080077C2B1 /* ContentView.swift */ = {isa = PBXFileReference; lastKnownFileType = sourcecode.swift; path = ContentView.swift; sourceTree = "<group>"; };
		ABC030D12A1257080077C2B1 /* Assets.xcassets */ = {isa = PBXFileReference; lastKnownFileType = folder.assetcatalog; path = Assets.xcassets; sourceTree = "<group>"; };
		ABC030D42A1257080077C2B1 /* Preview Assets.xcassets */ = {isa = PBXFileReference; lastKnownFileType = folder.assetcatalog; path = "Preview Assets.xcassets"; sourceTree = "<group>"; };
		ABC030DB2A1258D30077C2B1 /* product.json */ = {isa = PBXFileReference; fileEncoding = 4; lastKnownFileType = text.json; path = product.json; sourceTree = "<group>"; };
		ABC030DC2A1258D30077C2B1 /* category.json */ = {isa = PBXFileReference; fileEncoding = 4; lastKnownFileType = text.json; path = category.json; sourceTree = "<group>"; };
		ABC030DD2A1258D30077C2B1 /* brand.json */ = {isa = PBXFileReference; fileEncoding = 4; lastKnownFileType = text.json; path = brand.json; sourceTree = "<group>"; };
		ABC030DE2A1258D30077C2B1 /* player.json */ = {isa = PBXFileReference; fileEncoding = 4; lastKnownFileType = text.json; path = player.json; sourceTree = "<group>"; };
		ABC030E42A1259A30077C2B1 /* Info.plist */ = {isa = PBXFileReference; lastKnownFileType = text.plist; path = Info.plist; sourceTree = "<group>"; };
		ABC030EC2A125BEF0077C2B1 /* Constant.swift */ = {isa = PBXFileReference; lastKnownFileType = sourcecode.swift; path = Constant.swift; sourceTree = "<group>"; };
		ABC030EE2A125D4F0077C2B1 /* FooterView.swift */ = {isa = PBXFileReference; lastKnownFileType = sourcecode.swift; path = FooterView.swift; sourceTree = "<group>"; };
/* End PBXFileReference section */

/* Begin PBXFrameworksBuildPhase section */
		ABC030C72A1257070077C2B1 /* Frameworks */ = {
			isa = PBXFrameworksBuildPhase;
			buildActionMask = 2147483647;
			files = (
			);
			runOnlyForDeploymentPostprocessing = 0;
		};
/* End PBXFrameworksBuildPhase section */

/* Begin PBXGroup section */
		ABC030C12A1257070077C2B1 = {
			isa = PBXGroup;
			children = (
				ABC030CC2A1257080077C2B1 /* TouchDown */,
				ABC030CB2A1257080077C2B1 /* Products */,
			);
			sourceTree = "<group>";
		};
		ABC030CB2A1257080077C2B1 /* Products */ = {
			isa = PBXGroup;
			children = (
				ABC030CA2A1257080077C2B1 /* TouchDown.app */,
			);
			name = Products;
			sourceTree = "<group>";
		};
		ABC030CC2A1257080077C2B1 /* TouchDown */ = {
			isa = PBXGroup;
			children = (
				ABC030E52A125AEF0077C2B1 /* App */,
				ABC030E62A125B130077C2B1 /* View */,
				ABC030E32A1259000077C2B1 /* Data */,
				ABC030E92A125B4C0077C2B1 /* Model */,
				ABC030EA2A125B550077C2B1 /* Extention */,
				ABC030EB2A125B600077C2B1 /* Utility */,
				ABC030E42A1259A30077C2B1 /* Info.plist */,
				ABC030D12A1257080077C2B1 /* Assets.xcassets */,
				ABC030D32A1257080077C2B1 /* Preview Content */,
			);
			path = TouchDown;
			sourceTree = "<group>";
		};
		ABC030D32A1257080077C2B1 /* Preview Content */ = {
			isa = PBXGroup;
			children = (
				ABC030D42A1257080077C2B1 /* Preview Assets.xcassets */,
			);
			path = "Preview Content";
			sourceTree = "<group>";
		};
		ABC030E32A1259000077C2B1 /* Data */ = {
			isa = PBXGroup;
			children = (
				ABC030DD2A1258D30077C2B1 /* brand.json */,
				ABC030DC2A1258D30077C2B1 /* category.json */,
				ABC030DE2A1258D30077C2B1 /* player.json */,
				ABC030DB2A1258D30077C2B1 /* product.json */,
			);
			path = Data;
			sourceTree = "<group>";
		};
		ABC030E52A125AEF0077C2B1 /* App */ = {
			isa = PBXGroup;
			children = (
				ABC030CD2A1257080077C2B1 /* TouchDownApp.swift */,
				ABC030CF2A1257080077C2B1 /* ContentView.swift */,
			);
			path = App;
			sourceTree = "<group>";
		};
		ABC030E62A125B130077C2B1 /* View */ = {
			isa = PBXGroup;
			children = (
				ABC030E82A125B280077C2B1 /* Detail */,
				ABC030E72A125B1E0077C2B1 /* Home */,
			);
			path = View;
			sourceTree = "<group>";
		};
		ABC030E72A125B1E0077C2B1 /* Home */ = {
			isa = PBXGroup;
			children = (
				ABC030EE2A125D4F0077C2B1 /* FooterView.swift */,
			);
			path = Home;
			sourceTree = "<group>";
		};
		ABC030E82A125B280077C2B1 /* Detail */ = {
			isa = PBXGroup;
			children = (
			);
			path = Detail;
			sourceTree = "<group>";
		};
		ABC030E92A125B4C0077C2B1 /* Model */ = {
			isa = PBXGroup;
			children = (
			);
			path = Model;
			sourceTree = "<group>";
		};
		ABC030EA2A125B550077C2B1 /* Extention */ = {
			isa = PBXGroup;
			children = (
			);
			path = Extention;
			sourceTree = "<group>";
		};
		ABC030EB2A125B600077C2B1 /* Utility */ = {
			isa = PBXGroup;
			children = (
				ABC030EC2A125BEF0077C2B1 /* Constant.swift */,
			);
			path = Utility;
			sourceTree = "<group>";
		};
/* End PBXGroup section */

/* Begin PBXNativeTarget section */
		ABC030C92A1257070077C2B1 /* TouchDown */ = {
			isa = PBXNativeTarget;
			buildConfigurationList = ABC030D82A1257080077C2B1 /* Build configuration list for PBXNativeTarget "TouchDown" */;
			buildPhases = (
				ABC030C62A1257070077C2B1 /* Sources */,
				ABC030C72A1257070077C2B1 /* Frameworks */,
				ABC030C82A1257070077C2B1 /* Resources */,
			);
			buildRules = (
			);
			dependencies = (
			);
			name = TouchDown;
			productName = TouchDown;
			productReference = ABC030CA2A1257080077C2B1 /* TouchDown.app */;
			productType = "com.apple.product-type.application";
		};
/* End PBXNativeTarget section */

/* Begin PBXProject section */
		ABC030C22A1257070077C2B1 /* Project object */ = {
			isa = PBXProject;
			attributes = {
				BuildIndependentTargetsInParallel = 1;
				LastSwiftUpdateCheck = 1430;
				LastUpgradeCheck = 1430;
				TargetAttributes = {
					ABC030C92A1257070077C2B1 = {
						CreatedOnToolsVersion = 14.3;
					};
				};
			};
			buildConfigurationList = ABC030C52A1257070077C2B1 /* Build configuration list for PBXProject "TouchDown" */;
			compatibilityVersion = "Xcode 14.0";
			developmentRegion = en;
			hasScannedForEncodings = 0;
			knownRegions = (
				en,
				Base,
			);
			mainGroup = ABC030C12A1257070077C2B1;
			productRefGroup = ABC030CB2A1257080077C2B1 /* Products */;
			projectDirPath = "";
			projectRoot = "";
			targets = (
				ABC030C92A1257070077C2B1 /* TouchDown */,
			);
		};
/* End PBXProject section */

/* Begin PBXResourcesBuildPhase section */
		ABC030C82A1257070077C2B1 /* Resources */ = {
			isa = PBXResourcesBuildPhase;
			buildActionMask = 2147483647;
			files = (
				ABC030E22A1258D30077C2B1 /* player.json in Resources */,
				ABC030D52A1257080077C2B1 /* Preview Assets.xcassets in Resources */,
				ABC030E12A1258D30077C2B1 /* brand.json in Resources */,
				ABC030D22A1257080077C2B1 /* Assets.xcassets in Resources */,
				ABC030DF2A1258D30077C2B1 /* product.json in Resources */,
				ABC030E02A1258D30077C2B1 /* category.json in Resources */,
			);
			runOnlyForDeploymentPostprocessing = 0;
		};
/* End PBXResourcesBuildPhase section */

/* Begin PBXSourcesBuildPhase section */
		ABC030C62A1257070077C2B1 /* Sources */ = {
			isa = PBXSourcesBuildPhase;
			buildActionMask = 2147483647;
			files = (
				ABC030D02A1257080077C2B1 /* ContentView.swift in Sources */,
				ABC030EF2A125D4F0077C2B1 /* FooterView.swift in Sources */,
				ABC030CE2A1257080077C2B1 /* TouchDownApp.swift in Sources */,
				ABC030ED2A125BEF0077C2B1 /* Constant.swift in Sources */,
			);
			runOnlyForDeploymentPostprocessing = 0;
		};
/* End PBXSourcesBuildPhase section */

/* Begin XCBuildConfiguration section */
		ABC030D62A1257080077C2B1 /* Debug */ = {
			isa = XCBuildConfiguration;
			buildSettings = {
				ALWAYS_SEARCH_USER_PATHS = NO;
				CLANG_ANALYZER_NONNULL = YES;
				CLANG_ANALYZER_NUMBER_OBJECT_CONVERSION = YES_AGGRESSIVE;
				CLANG_CXX_LANGUAGE_STANDARD = "gnu++20";
				CLANG_ENABLE_MODULES = YES;
				CLANG_ENABLE_OBJC_ARC = YES;
				CLANG_ENABLE_OBJC_WEAK = YES;
				CLANG_WARN_BLOCK_CAPTURE_AUTORELEASING = YES;
				CLANG_WARN_BOOL_CONVERSION = YES;
				CLANG_WARN_COMMA = YES;
				CLANG_WARN_CONSTANT_CONVERSION = YES;
				CLANG_WARN_DEPRECATED_OBJC_IMPLEMENTATIONS = YES;
				CLANG_WARN_DIRECT_OBJC_ISA_USAGE = YES_ERROR;
				CLANG_WARN_DOCUMENTATION_COMMENTS = YES;
				CLANG_WARN_EMPTY_BODY = YES;
				CLANG_WARN_ENUM_CONVERSION = YES;
				CLANG_WARN_INFINITE_RECURSION = YES;
				CLANG_WARN_INT_CONVERSION = YES;
				CLANG_WARN_NON_LITERAL_NULL_CONVERSION = YES;
				CLANG_WARN_OBJC_IMPLICIT_RETAIN_SELF = YES;
				CLANG_WARN_OBJC_LITERAL_CONVERSION = YES;
				CLANG_WARN_OBJC_ROOT_CLASS = YES_ERROR;
				CLANG_WARN_QUOTED_INCLUDE_IN_FRAMEWORK_HEADER = YES;
				CLANG_WARN_RANGE_LOOP_ANALYSIS = YES;
				CLANG_WARN_STRICT_PROTOTYPES = YES;
				CLANG_WARN_SUSPICIOUS_MOVE = YES;
				CLANG_WARN_UNGUARDED_AVAILABILITY = YES_AGGRESSIVE;
				CLANG_WARN_UNREACHABLE_CODE = YES;
				CLANG_WARN__DUPLICATE_METHOD_MATCH = YES;
				COPY_PHASE_STRIP = NO;
				DEBUG_INFORMATION_FORMAT = dwarf;
				ENABLE_STRICT_OBJC_MSGSEND = YES;
				ENABLE_TESTABILITY = YES;
				GCC_C_LANGUAGE_STANDARD = gnu11;
				GCC_DYNAMIC_NO_PIC = NO;
				GCC_NO_COMMON_BLOCKS = YES;
				GCC_OPTIMIZATION_LEVEL = 0;
				GCC_PREPROCESSOR_DEFINITIONS = (
					"DEBUG=1",
					"$(inherited)",
				);
				GCC_WARN_64_TO_32_BIT_CONVERSION = YES;
				GCC_WARN_ABOUT_RETURN_TYPE = YES_ERROR;
				GCC_WARN_UNDECLARED_SELECTOR = YES;
				GCC_WARN_UNINITIALIZED_AUTOS = YES_AGGRESSIVE;
				GCC_WARN_UNUSED_FUNCTION = YES;
				GCC_WARN_UNUSED_VARIABLE = YES;
				IPHONEOS_DEPLOYMENT_TARGET = 16.4;
				MTL_ENABLE_DEBUG_INFO = INCLUDE_SOURCE;
				MTL_FAST_MATH = YES;
				ONLY_ACTIVE_ARCH = YES;
				SDKROOT = iphoneos;
				SWIFT_ACTIVE_COMPILATION_CONDITIONS = DEBUG;
				SWIFT_OPTIMIZATION_LEVEL = "-Onone";
			};
			name = Debug;
		};
		ABC030D72A1257080077C2B1 /* Release */ = {
			isa = XCBuildConfiguration;
			buildSettings = {
				ALWAYS_SEARCH_USER_PATHS = NO;
				CLANG_ANALYZER_NONNULL = YES;
				CLANG_ANALYZER_NUMBER_OBJECT_CONVERSION = YES_AGGRESSIVE;
				CLANG_CXX_LANGUAGE_STANDARD = "gnu++20";
				CLANG_ENABLE_MODULES = YES;
				CLANG_ENABLE_OBJC_ARC = YES;
				CLANG_ENABLE_OBJC_WEAK = YES;
				CLANG_WARN_BLOCK_CAPTURE_AUTORELEASING = YES;
				CLANG_WARN_BOOL_CONVERSION = YES;
				CLANG_WARN_COMMA = YES;
				CLANG_WARN_CONSTANT_CONVERSION = YES;
				CLANG_WARN_DEPRECATED_OBJC_IMPLEMENTATIONS = YES;
				CLANG_WARN_DIRECT_OBJC_ISA_USAGE = YES_ERROR;
				CLANG_WARN_DOCUMENTATION_COMMENTS = YES;
				CLANG_WARN_EMPTY_BODY = YES;
				CLANG_WARN_ENUM_CONVERSION = YES;
				CLANG_WARN_INFINITE_RECURSION = YES;
				CLANG_WARN_INT_CONVERSION = YES;
				CLANG_WARN_NON_LITERAL_NULL_CONVERSION = YES;
				CLANG_WARN_OBJC_IMPLICIT_RETAIN_SELF = YES;
				CLANG_WARN_OBJC_LITERAL_CONVERSION = YES;
				CLANG_WARN_OBJC_ROOT_CLASS = YES_ERROR;
				CLANG_WARN_QUOTED_INCLUDE_IN_FRAMEWORK_HEADER = YES;
				CLANG_WARN_RANGE_LOOP_ANALYSIS = YES;
				CLANG_WARN_STRICT_PROTOTYPES = YES;
				CLANG_WARN_SUSPICIOUS_MOVE = YES;
				CLANG_WARN_UNGUARDED_AVAILABILITY = YES_AGGRESSIVE;
				CLANG_WARN_UNREACHABLE_CODE = YES;
				CLANG_WARN__DUPLICATE_METHOD_MATCH = YES;
				COPY_PHASE_STRIP = NO;
				DEBUG_INFORMATION_FORMAT = "dwarf-with-dsym";
				ENABLE_NS_ASSERTIONS = NO;
				ENABLE_STRICT_OBJC_MSGSEND = YES;
				GCC_C_LANGUAGE_STANDARD = gnu11;
				GCC_NO_COMMON_BLOCKS = YES;
				GCC_WARN_64_TO_32_BIT_CONVERSION = YES;
				GCC_WARN_ABOUT_RETURN_TYPE = YES_ERROR;
				GCC_WARN_UNDECLARED_SELECTOR = YES;
				GCC_WARN_UNINITIALIZED_AUTOS = YES_AGGRESSIVE;
				GCC_WARN_UNUSED_FUNCTION = YES;
				GCC_WARN_UNUSED_VARIABLE = YES;
				IPHONEOS_DEPLOYMENT_TARGET = 16.4;
				MTL_ENABLE_DEBUG_INFO = NO;
				MTL_FAST_MATH = YES;
				SDKROOT = iphoneos;
				SWIFT_COMPILATION_MODE = wholemodule;
				SWIFT_OPTIMIZATION_LEVEL = "-O";
				VALIDATE_PRODUCT = YES;
			};
			name = Release;
		};
		ABC030D92A1257080077C2B1 /* Debug */ = {
			isa = XCBuildConfiguration;
			buildSettings = {
				ASSETCATALOG_COMPILER_APPICON_NAME = AppIcon;
				ASSETCATALOG_COMPILER_GLOBAL_ACCENT_COLOR_NAME = AccentColor;
				CODE_SIGN_STYLE = Automatic;
				CURRENT_PROJECT_VERSION = 1;
				DEVELOPMENT_ASSET_PATHS = "\"TouchDown/Preview Content\"";
				DEVELOPMENT_TEAM = MV683JV6DD;
				ENABLE_PREVIEWS = YES;
				GENERATE_INFOPLIST_FILE = YES;
				INFOPLIST_FILE = TouchDown/Info.plist;
				INFOPLIST_KEY_UIApplicationSceneManifest_Generation = YES;
				INFOPLIST_KEY_UIApplicationSupportsIndirectInputEvents = YES;
				INFOPLIST_KEY_UISupportedInterfaceOrientations = UIInterfaceOrientationPortrait;
				INFOPLIST_KEY_UISupportedInterfaceOrientations_iPad = "UIInterfaceOrientationLandscapeLeft UIInterfaceOrientationLandscapeRight UIInterfaceOrientationPortrait";
				INFOPLIST_KEY_UIUserInterfaceStyle = Light;
				LD_RUNPATH_SEARCH_PATHS = (
					"$(inherited)",
					"@executable_path/Frameworks",
				);
				MARKETING_VERSION = 1.0;
				PRODUCT_BUNDLE_IDENTIFIER = com.ThomasCreate.TouchDown;
				PRODUCT_NAME = "$(TARGET_NAME)";
				SWIFT_EMIT_LOC_STRINGS = YES;
				SWIFT_VERSION = 5.0;
				TARGETED_DEVICE_FAMILY = "1,2";
			};
			name = Debug;
		};
		ABC030DA2A1257080077C2B1 /* Release */ = {
			isa = XCBuildConfiguration;
			buildSettings = {
				ASSETCATALOG_COMPILER_APPICON_NAME = AppIcon;
				ASSETCATALOG_COMPILER_GLOBAL_ACCENT_COLOR_NAME = AccentColor;
				CODE_SIGN_STYLE = Automatic;
				CURRENT_PROJECT_VERSION = 1;
				DEVELOPMENT_ASSET_PATHS = "\"TouchDown/Preview Content\"";
				DEVELOPMENT_TEAM = MV683JV6DD;
				ENABLE_PREVIEWS = YES;
				GENERATE_INFOPLIST_FILE = YES;
				INFOPLIST_FILE = TouchDown/Info.plist;
				INFOPLIST_KEY_UIApplicationSceneManifest_Generation = YES;
				INFOPLIST_KEY_UIApplicationSupportsIndirectInputEvents = YES;
				INFOPLIST_KEY_UISupportedInterfaceOrientations = UIInterfaceOrientationPortrait;
				INFOPLIST_KEY_UISupportedInterfaceOrientations_iPad = "UIInterfaceOrientationLandscapeLeft UIInterfaceOrientationLandscapeRight UIInterfaceOrientationPortrait";
				INFOPLIST_KEY_UIUserInterfaceStyle = Light;
				LD_RUNPATH_SEARCH_PATHS = (
					"$(inherited)",
					"@executable_path/Frameworks",
				);
				MARKETING_VERSION = 1.0;
				PRODUCT_BUNDLE_IDENTIFIER = com.ThomasCreate.TouchDown;
				PRODUCT_NAME = "$(TARGET_NAME)";
				SWIFT_EMIT_LOC_STRINGS = YES;
				SWIFT_VERSION = 5.0;
				TARGETED_DEVICE_FAMILY = "1,2";
			};
			name = Release;
		};
/* End XCBuildConfiguration section */

/* Begin XCConfigurationList section */
		ABC030C52A1257070077C2B1 /* Build configuration list for PBXProject "TouchDown" */ = {
			isa = XCConfigurationList;
			buildConfigurations = (
				ABC030D62A1257080077C2B1 /* Debug */,
				ABC030D72A1257080077C2B1 /* Release */,
			);
			defaultConfigurationIsVisible = 0;
			defaultConfigurationName = Release;
		};
		ABC030D82A1257080077C2B1 /* Build configuration list for PBXNativeTarget "TouchDown" */ = {
			isa = XCConfigurationList;
			buildConfigurations = (
				ABC030D92A1257080077C2B1 /* Debug */,
				ABC030DA2A1257080077C2B1 /* Release */,
			);
			defaultConfigurationIsVisible = 0;
			defaultConfigurationName = Release;
		};
/* End XCConfigurationList section */
	};
	rootObject = ABC030C22A1257070077C2B1 /* Project object */;
}
